
Microsoft Visual Studio Solution File, Format Version 12.00
# Visual Studio Version 17
VisualStudioVersion = 17.13.36105.23 d17.13
MinimumVisualStudioVersion = 10.0.40219.1
Project("{FAE04EC0-301F-11D3-BF4B-00C04F79EFBC}") = "practise-copilot", "practise-copilot.csproj", "{A37C11E0-51C8-4988-B9BC-1BE7A0F29C68}"
EndProject
Global
	GlobalSection(SolutionConfigurationPlatforms) = preSolution
		Debug|Any CPU = Debug|Any CPU
		Release|Any CPU = Release|Any CPU
	EndGlobalSection
	GlobalSection(ProjectConfigurationPlatforms) = postSolution
		{A37C11E0-51C8-4988-B9BC-1BE7A0F29C68}.Debug|Any CPU.ActiveCfg = Debug|Any CPU
		{A37C11E0-51C8-4988-B9BC-1BE7A0F29C68}.Debug|Any CPU.Build.0 = Debug|Any CPU
		{A37C11E0-51C8-4988-B9BC-1BE7A0F29C68}.Release|Any CPU.ActiveCfg = Release|Any CPU
		{A37C11E0-51C8-4988-B9BC-1BE7A0F29C68}.Release|Any CPU.Build.0 = Release|Any CPU
	EndGlobalSection
	GlobalSection(SolutionProperties) = preSolution
		HideSolutionNode = FALSE
	EndGlobalSection
	GlobalSection(ExtensibilityGlobals) = postSolution
		SolutionGuid = {C9AC61D5-EBC0-4FC8-9F71-69D053B39FC4}
	EndGlobalSection
EndGlobal
