
Microsoft Visual Studio Solution File, Format Version 12.00
# Visual Studio Version 17
VisualStudioVersion = 17.13.35828.75 d17.13
MinimumVisualStudioVersion = 10.0.40219.1
Project("{FAE04EC0-301F-11D3-BF4B-00C04F79EFBC}") = "Lab_2", "Lab_2.csproj", "{0D63809E-48CB-4CA6-B730-173B9AB73F62}"
EndProject
Global
	GlobalSection(SolutionConfigurationPlatforms) = preSolution
		Debug|Any CPU = Debug|Any CPU
		Release|Any CPU = Release|Any CPU
	EndGlobalSection
	GlobalSection(ProjectConfigurationPlatforms) = postSolution
		{0D63809E-48CB-4CA6-B730-173B9AB73F62}.Debug|Any CPU.ActiveCfg = Debug|Any CPU
		{0D63809E-48CB-4CA6-B730-173B9AB73F62}.Debug|Any CPU.Build.0 = Debug|Any CPU
		{0D63809E-48CB-4CA6-B730-173B9AB73F62}.Release|Any CPU.ActiveCfg = Release|Any CPU
		{0D63809E-48CB-4CA6-B730-173B9AB73F62}.Release|Any CPU.Build.0 = Release|Any CPU
	EndGlobalSection
	GlobalSection(SolutionProperties) = preSolution
		HideSolutionNode = FALSE
	EndGlobalSection
	GlobalSection(ExtensibilityGlobals) = postSolution
		SolutionGuid = {3B90E6E8-AB19-4F19-8919-EC8E88F90DE8}
	EndGlobalSection
EndGlobal
